{
  "name": "inspectra-demo-app-config",
  "version": "0.0.0-demo",
  "lockfileVersion": 3,
  "requires": true,
  "packages": {
    "": {
      "name": "inspectra-demo-app-config",
      "version": "0.0.0-demo",
      "dependencies": {
        "express": "*",
        "lodash": "^4.17.21"
      }
    }
  }
}
